
Microsoft Visual Studio Solution File, Format Version 12.00
# Visual Studio Version 17
VisualStudioVersion = 17.9.34607.119
MinimumVisualStudioVersion = 10.0.40219.1
Project("{9A19103F-16F7-4668-BE54-9A1E7A4F7556}") = "Algorithm", "Algorithm\Algorithm.csproj", "{430E22FC-6236-4451-B4DC-FE94525B3624}"
EndProject
Project("{FAE04EC0-301F-11D3-BF4B-00C04F79EFBC}") = "Exercise", "Exercise\Exercise.csproj", "{AE4DA855-32D7-4F44-94AA-C5A45147EF4C}"
EndProject
Global
	GlobalSection(SolutionConfigurationPlatforms) = preSolution
		Debug|Any CPU = Debug|Any CPU
		Release|Any CPU = Release|Any CPU
	EndGlobalSection
	GlobalSection(ProjectConfigurationPlatforms) = postSolution
		{430E22FC-6236-4451-B4DC-FE94525B3624}.Debug|Any CPU.ActiveCfg = Debug|Any CPU
		{430E22FC-6236-4451-B4DC-FE94525B3624}.Debug|Any CPU.Build.0 = Debug|Any CPU
		{430E22FC-6236-4451-B4DC-FE94525B3624}.Release|Any CPU.ActiveCfg = Release|Any CPU
		{430E22FC-6236-4451-B4DC-FE94525B3624}.Release|Any CPU.Build.0 = Release|Any CPU
		{AE4DA855-32D7-4F44-94AA-C5A45147EF4C}.Debug|Any CPU.ActiveCfg = Debug|Any CPU
		{AE4DA855-32D7-4F44-94AA-C5A45147EF4C}.Debug|Any CPU.Build.0 = Debug|Any CPU
		{AE4DA855-32D7-4F44-94AA-C5A45147EF4C}.Release|Any CPU.ActiveCfg = Release|Any CPU
		{AE4DA855-32D7-4F44-94AA-C5A45147EF4C}.Release|Any CPU.Build.0 = Release|Any CPU
	EndGlobalSection
	GlobalSection(SolutionProperties) = preSolution
		HideSolutionNode = FALSE
	EndGlobalSection
	GlobalSection(ExtensibilityGlobals) = postSolution
		SolutionGuid = {97D9AD2C-CB01-40F0-879B-47AC1223C908}
	EndGlobalSection
EndGlobal
